
Microsoft Visual Studio Solution File, Format Version 12.00
# Visual Studio Version 16
VisualStudioVersion = 16.0.30114.105
MinimumVisualStudioVersion = 10.0.40219.1
Project("{FAE04EC0-301F-11D3-BF4B-00C04F79EFBC}") = "R5T.Gothonia.Base", "R5T.Gothonia.Base\R5T.Gothonia.Base.csproj", "{09E46131-E5B3-451E-A579-BAB5520576B1}"
EndProject
Project("{FAE04EC0-301F-11D3-BF4B-00C04F79EFBC}") = "R5T.Gothonia.Base.Construction", "R5T.Gothonia.Base.Construction\R5T.Gothonia.Base.Construction.csproj", "{5DBCD959-8B3B-4B86-A96D-4CF99DEE9E41}"
EndProject
Global
	GlobalSection(SolutionConfigurationPlatforms) = preSolution
		Debug|Any CPU = Debug|Any CPU
		Debug|x64 = Debug|x64
		Debug|x86 = Debug|x86
		Release|Any CPU = Release|Any CPU
		Release|x64 = Release|x64
		Release|x86 = Release|x86
	EndGlobalSection
	GlobalSection(SolutionProperties) = preSolution
		HideSolutionNode = FALSE
	EndGlobalSection
	GlobalSection(ProjectConfigurationPlatforms) = postSolution
		{09E46131-E5B3-451E-A579-BAB5520576B1}.Debug|Any CPU.ActiveCfg = Debug|Any CPU
		{09E46131-E5B3-451E-A579-BAB5520576B1}.Debug|Any CPU.Build.0 = Debug|Any CPU
		{09E46131-E5B3-451E-A579-BAB5520576B1}.Debug|x64.ActiveCfg = Debug|Any CPU
		{09E46131-E5B3-451E-A579-BAB5520576B1}.Debug|x64.Build.0 = Debug|Any CPU
		{09E46131-E5B3-451E-A579-BAB5520576B1}.Debug|x86.ActiveCfg = Debug|Any CPU
		{09E46131-E5B3-451E-A579-BAB5520576B1}.Debug|x86.Build.0 = Debug|Any CPU
		{09E46131-E5B3-451E-A579-BAB5520576B1}.Release|Any CPU.ActiveCfg = Release|Any CPU
		{09E46131-E5B3-451E-A579-BAB5520576B1}.Release|Any CPU.Build.0 = Release|Any CPU
		{09E46131-E5B3-451E-A579-BAB5520576B1}.Release|x64.ActiveCfg = Release|Any CPU
		{09E46131-E5B3-451E-A579-BAB5520576B1}.Release|x64.Build.0 = Release|Any CPU
		{09E46131-E5B3-451E-A579-BAB5520576B1}.Release|x86.ActiveCfg = Release|Any CPU
		{09E46131-E5B3-451E-A579-BAB5520576B1}.Release|x86.Build.0 = Release|Any CPU
		{5DBCD959-8B3B-4B86-A96D-4CF99DEE9E41}.Debug|Any CPU.ActiveCfg = Debug|Any CPU
		{5DBCD959-8B3B-4B86-A96D-4CF99DEE9E41}.Debug|Any CPU.Build.0 = Debug|Any CPU
		{5DBCD959-8B3B-4B86-A96D-4CF99DEE9E41}.Debug|x64.ActiveCfg = Debug|Any CPU
		{5DBCD959-8B3B-4B86-A96D-4CF99DEE9E41}.Debug|x64.Build.0 = Debug|Any CPU
		{5DBCD959-8B3B-4B86-A96D-4CF99DEE9E41}.Debug|x86.ActiveCfg = Debug|Any CPU
		{5DBCD959-8B3B-4B86-A96D-4CF99DEE9E41}.Debug|x86.Build.0 = Debug|Any CPU
		{5DBCD959-8B3B-4B86-A96D-4CF99DEE9E41}.Release|Any CPU.ActiveCfg = Release|Any CPU
		{5DBCD959-8B3B-4B86-A96D-4CF99DEE9E41}.Release|Any CPU.Build.0 = Release|Any CPU
		{5DBCD959-8B3B-4B86-A96D-4CF99DEE9E41}.Release|x64.ActiveCfg = Release|Any CPU
		{5DBCD959-8B3B-4B86-A96D-4CF99DEE9E41}.Release|x64.Build.0 = Release|Any CPU
		{5DBCD959-8B3B-4B86-A96D-4CF99DEE9E41}.Release|x86.ActiveCfg = Release|Any CPU
		{5DBCD959-8B3B-4B86-A96D-4CF99DEE9E41}.Release|x86.Build.0 = Release|Any CPU
	EndGlobalSection
EndGlobal
